// !$*UTF8*$!
{
	archiveVersion = 1;
	classes = {
	};
	objectVersion = 56;
	objects = {

/* Begin PBXBuildFile section */
		54BB84C2535D9D6FEDF142B6 /* Pods_ToDoList_ToDoListUITests.framework in Frameworks */ = {isa = PBXBuildFile; fileRef = 7D8B9F6993D53122476DC3D5 /* Pods_ToDoList_ToDoListUITests.framework */; };
		850922540173589B3A2173AB /* Pods_ToDoList.framework in Frameworks */ = {isa = PBXBuildFile; fileRef = 152F4F7D9305EF7858C87A28 /* Pods_ToDoList.framework */; };
		96990617CFFCA2AF64255592 /* Pods_ToDoListTests.framework in Frameworks */ = {isa = PBXBuildFile; fileRef = 5BC79A7FF71018E29082D5EC /* Pods_ToDoListTests.framework */; };
		C83C120F2A40E1F600950448 /* TextCell.swift in Sources */ = {isa = PBXBuildFile; fileRef = C83C120E2A40E1F600950448 /* TextCell.swift */; };
		C83C12122A417A5400950448 /* ImportanceCell.swift in Sources */ = {isa = PBXBuildFile; fileRef = C83C12112A417A5400950448 /* ImportanceCell.swift */; };
		C83C121F2A41E5D200950448 /* SetDeadLineCell.swift in Sources */ = {isa = PBXBuildFile; fileRef = C83C121E2A41E5D200950448 /* SetDeadLineCell.swift */; };
		C83C12242A42FD9100950448 /* CalendarCell.swift in Sources */ = {isa = PBXBuildFile; fileRef = C83C12232A42FD9100950448 /* CalendarCell.swift */; };
		C83C12262A432F5F00950448 /* DeleteCell.swift in Sources */ = {isa = PBXBuildFile; fileRef = C83C12252A432F5F00950448 /* DeleteCell.swift */; };
		C83C12282A4380D400950448 /* UIViewExtension.swift in Sources */ = {isa = PBXBuildFile; fileRef = C83C12272A4380D400950448 /* UIViewExtension.swift */; };
		C83C12762A4AC05100950448 /* ItemsListViewController.swift in Sources */ = {isa = PBXBuildFile; fileRef = C83C12752A4AC05100950448 /* ItemsListViewController.swift */; };
		C83C12782A4AD15800950448 /* ShowOrHideControl.swift in Sources */ = {isa = PBXBuildFile; fileRef = C83C12772A4AD15800950448 /* ShowOrHideControl.swift */; };
		C83C127A2A4ADE8D00950448 /* HeaderForSectionView.swift in Sources */ = {isa = PBXBuildFile; fileRef = C83C12792A4ADE8D00950448 /* HeaderForSectionView.swift */; };
		C83C127C2A4AE9D900950448 /* ItemListCell.swift in Sources */ = {isa = PBXBuildFile; fileRef = C83C127B2A4AE9D900950448 /* ItemListCell.swift */; };
		C8686A7B2A375561000C9CF3 /* AppDelegate.swift in Sources */ = {isa = PBXBuildFile; fileRef = C8686A7A2A375561000C9CF3 /* AppDelegate.swift */; };
		C8686A7D2A375561000C9CF3 /* SceneDelegate.swift in Sources */ = {isa = PBXBuildFile; fileRef = C8686A7C2A375561000C9CF3 /* SceneDelegate.swift */; };
		C8686A7F2A375561000C9CF3 /* ItemViewController.swift in Sources */ = {isa = PBXBuildFile; fileRef = C8686A7E2A375561000C9CF3 /* ItemViewController.swift */; };
		C8686A822A375561000C9CF3 /* Main.storyboard in Resources */ = {isa = PBXBuildFile; fileRef = C8686A802A375561000C9CF3 /* Main.storyboard */; };
		C8686A852A375561000C9CF3 /* ToDoList.xcdatamodeld in Sources */ = {isa = PBXBuildFile; fileRef = C8686A832A375561000C9CF3 /* ToDoList.xcdatamodeld */; };
		C8686A872A375563000C9CF3 /* Assets.xcassets in Resources */ = {isa = PBXBuildFile; fileRef = C8686A862A375563000C9CF3 /* Assets.xcassets */; };
		C8686A8A2A375563000C9CF3 /* LaunchScreen.storyboard in Resources */ = {isa = PBXBuildFile; fileRef = C8686A882A375563000C9CF3 /* LaunchScreen.storyboard */; };
		C8686A952A375563000C9CF3 /* ToDoListTests.swift in Sources */ = {isa = PBXBuildFile; fileRef = C8686A942A375563000C9CF3 /* ToDoListTests.swift */; };
		C8686A9F2A375563000C9CF3 /* ToDoListUITests.swift in Sources */ = {isa = PBXBuildFile; fileRef = C8686A9E2A375563000C9CF3 /* ToDoListUITests.swift */; };
		C8686AA12A375563000C9CF3 /* ToDoListUITestsLaunchTests.swift in Sources */ = {isa = PBXBuildFile; fileRef = C8686AA02A375563000C9CF3 /* ToDoListUITestsLaunchTests.swift */; };
		C8686AAE2A375587000C9CF3 /* ToDoItem.swift in Sources */ = {isa = PBXBuildFile; fileRef = C8686AAD2A375587000C9CF3 /* ToDoItem.swift */; };
		C89556022A4D607900BC557C /* AddNewItemControl.swift in Sources */ = {isa = PBXBuildFile; fileRef = C89556012A4D607900BC557C /* AddNewItemControl.swift */; };
		C89556062A4D953900BC557C /* Colors.swift in Sources */ = {isa = PBXBuildFile; fileRef = C89556052A4D953900BC557C /* Colors.swift */; };
		C8AE7F132A4F8BFE002ADC4E /* CocoaLumberjack in Frameworks */ = {isa = PBXBuildFile; productRef = C8AE7F122A4F8BFE002ADC4E /* CocoaLumberjack */; };
		C8AE7F152A4F8BFE002ADC4E /* CocoaLumberjackSwift in Frameworks */ = {isa = PBXBuildFile; productRef = C8AE7F142A4F8BFE002ADC4E /* CocoaLumberjackSwift */; };
		C8AE7F172A4F8BFE002ADC4E /* CocoaLumberjackSwiftLogBackend in Frameworks */ = {isa = PBXBuildFile; productRef = C8AE7F162A4F8BFE002ADC4E /* CocoaLumberjackSwiftLogBackend */; };
		C8AE7F692A55F819002ADC4E /* URLSessionExtension.swift in Sources */ = {isa = PBXBuildFile; fileRef = C8AE7F682A55F819002ADC4E /* URLSessionExtension.swift */; };
		C8AE7F6B2A55FC67002ADC4E /* DefaultNetworkingService.swift in Sources */ = {isa = PBXBuildFile; fileRef = C8AE7F6A2A55FC67002ADC4E /* DefaultNetworkingService.swift */; };
		C8AE7F6D2A560150002ADC4E /* ToDoItemServer.swift in Sources */ = {isa = PBXBuildFile; fileRef = C8AE7F6C2A560150002ADC4E /* ToDoItemServer.swift */; };
		C8AE7F6F2A560170002ADC4E /* ListResponseServer.swift in Sources */ = {isa = PBXBuildFile; fileRef = C8AE7F6E2A560170002ADC4E /* ListResponseServer.swift */; };
		C8AE7F722A56071B002ADC4E /* Session.swift in Sources */ = {isa = PBXBuildFile; fileRef = C8AE7F712A56071B002ADC4E /* Session.swift */; };
		C8AE7F742A5756C5002ADC4E /* ItemResponseServer.swift in Sources */ = {isa = PBXBuildFile; fileRef = C8AE7F732A5756C5002ADC4E /* ItemResponseServer.swift */; };
		C8AE7F762A57EF81002ADC4E /* RequestError.swift in Sources */ = {isa = PBXBuildFile; fileRef = C8AE7F752A57EF81002ADC4E /* RequestError.swift */; };
		C8CE8DF82A389472002A2A00 /* FileCache.swift in Sources */ = {isa = PBXBuildFile; fileRef = C8CE8DF72A389472002A2A00 /* FileCache.swift */; };
/* End PBXBuildFile section */

/* Begin PBXContainerItemProxy section */
		C8686A912A375563000C9CF3 /* PBXContainerItemProxy */ = {
			isa = PBXContainerItemProxy;
			containerPortal = C8686A6F2A375561000C9CF3 /* Project object */;
			proxyType = 1;
			remoteGlobalIDString = C8686A762A375561000C9CF3;
			remoteInfo = ToDoList;
		};
		C8686A9B2A375563000C9CF3 /* PBXContainerItemProxy */ = {
			isa = PBXContainerItemProxy;
			containerPortal = C8686A6F2A375561000C9CF3 /* Project object */;
			proxyType = 1;
			remoteGlobalIDString = C8686A762A375561000C9CF3;
			remoteInfo = ToDoList;
		};
/* End PBXContainerItemProxy section */

/* Begin PBXFileReference section */
		152F4F7D9305EF7858C87A28 /* Pods_ToDoList.framework */ = {isa = PBXFileReference; explicitFileType = wrapper.framework; includeInIndex = 0; path = Pods_ToDoList.framework; sourceTree = BUILT_PRODUCTS_DIR; };
		1654F6E87E32B6D1161C25CA /* Pods-ToDoListTests.release.xcconfig */ = {isa = PBXFileReference; includeInIndex = 1; lastKnownFileType = text.xcconfig; name = "Pods-ToDoListTests.release.xcconfig"; path = "Target Support Files/Pods-ToDoListTests/Pods-ToDoListTests.release.xcconfig"; sourceTree = "<group>"; };
		302480765C453A1C611DBFEA /* Pods-ToDoList-ToDoListUITests.release.xcconfig */ = {isa = PBXFileReference; includeInIndex = 1; lastKnownFileType = text.xcconfig; name = "Pods-ToDoList-ToDoListUITests.release.xcconfig"; path = "Target Support Files/Pods-ToDoList-ToDoListUITests/Pods-ToDoList-ToDoListUITests.release.xcconfig"; sourceTree = "<group>"; };
		527778A8B12593FDC306C93E /* Pods-ToDoList-ToDoListUITests.debug.xcconfig */ = {isa = PBXFileReference; includeInIndex = 1; lastKnownFileType = text.xcconfig; name = "Pods-ToDoList-ToDoListUITests.debug.xcconfig"; path = "Target Support Files/Pods-ToDoList-ToDoListUITests/Pods-ToDoList-ToDoListUITests.debug.xcconfig"; sourceTree = "<group>"; };
		5BC79A7FF71018E29082D5EC /* Pods_ToDoListTests.framework */ = {isa = PBXFileReference; explicitFileType = wrapper.framework; includeInIndex = 0; path = Pods_ToDoListTests.framework; sourceTree = BUILT_PRODUCTS_DIR; };
		65184E610615B6415B6FCCED /* Pods-ToDoList.debug.xcconfig */ = {isa = PBXFileReference; includeInIndex = 1; lastKnownFileType = text.xcconfig; name = "Pods-ToDoList.debug.xcconfig"; path = "Target Support Files/Pods-ToDoList/Pods-ToDoList.debug.xcconfig"; sourceTree = "<group>"; };
		7D8B9F6993D53122476DC3D5 /* Pods_ToDoList_ToDoListUITests.framework */ = {isa = PBXFileReference; explicitFileType = wrapper.framework; includeInIndex = 0; path = Pods_ToDoList_ToDoListUITests.framework; sourceTree = BUILT_PRODUCTS_DIR; };
		A13C139A36EE884DECA0F601 /* Pods-ToDoList.release.xcconfig */ = {isa = PBXFileReference; includeInIndex = 1; lastKnownFileType = text.xcconfig; name = "Pods-ToDoList.release.xcconfig"; path = "Target Support Files/Pods-ToDoList/Pods-ToDoList.release.xcconfig"; sourceTree = "<group>"; };
		C83C120E2A40E1F600950448 /* TextCell.swift */ = {isa = PBXFileReference; lastKnownFileType = sourcecode.swift; path = TextCell.swift; sourceTree = "<group>"; };
		C83C12112A417A5400950448 /* ImportanceCell.swift */ = {isa = PBXFileReference; lastKnownFileType = sourcecode.swift; path = ImportanceCell.swift; sourceTree = "<group>"; };
		C83C121E2A41E5D200950448 /* SetDeadLineCell.swift */ = {isa = PBXFileReference; lastKnownFileType = sourcecode.swift; path = SetDeadLineCell.swift; sourceTree = "<group>"; };
		C83C12232A42FD9100950448 /* CalendarCell.swift */ = {isa = PBXFileReference; lastKnownFileType = sourcecode.swift; path = CalendarCell.swift; sourceTree = "<group>"; };
		C83C12252A432F5F00950448 /* DeleteCell.swift */ = {isa = PBXFileReference; lastKnownFileType = sourcecode.swift; path = DeleteCell.swift; sourceTree = "<group>"; };
		C83C12272A4380D400950448 /* UIViewExtension.swift */ = {isa = PBXFileReference; lastKnownFileType = sourcecode.swift; path = UIViewExtension.swift; sourceTree = "<group>"; };
		C83C12752A4AC05100950448 /* ItemsListViewController.swift */ = {isa = PBXFileReference; lastKnownFileType = sourcecode.swift; path = ItemsListViewController.swift; sourceTree = "<group>"; };
		C83C12772A4AD15800950448 /* ShowOrHideControl.swift */ = {isa = PBXFileReference; lastKnownFileType = sourcecode.swift; path = ShowOrHideControl.swift; sourceTree = "<group>"; };
		C83C12792A4ADE8D00950448 /* HeaderForSectionView.swift */ = {isa = PBXFileReference; lastKnownFileType = sourcecode.swift; path = HeaderForSectionView.swift; sourceTree = "<group>"; };
		C83C127B2A4AE9D900950448 /* ItemListCell.swift */ = {isa = PBXFileReference; lastKnownFileType = sourcecode.swift; path = ItemListCell.swift; sourceTree = "<group>"; };
		C8686A772A375561000C9CF3 /* ToDoList.app */ = {isa = PBXFileReference; explicitFileType = wrapper.application; includeInIndex = 0; path = ToDoList.app; sourceTree = BUILT_PRODUCTS_DIR; };
		C8686A7A2A375561000C9CF3 /* AppDelegate.swift */ = {isa = PBXFileReference; lastKnownFileType = sourcecode.swift; path = AppDelegate.swift; sourceTree = "<group>"; };
		C8686A7C2A375561000C9CF3 /* SceneDelegate.swift */ = {isa = PBXFileReference; lastKnownFileType = sourcecode.swift; path = SceneDelegate.swift; sourceTree = "<group>"; };
		C8686A7E2A375561000C9CF3 /* ItemViewController.swift */ = {isa = PBXFileReference; lastKnownFileType = sourcecode.swift; path = ItemViewController.swift; sourceTree = "<group>"; };
		C8686A812A375561000C9CF3 /* Base */ = {isa = PBXFileReference; lastKnownFileType = file.storyboard; name = Base; path = Base.lproj/Main.storyboard; sourceTree = "<group>"; };
		C8686A842A375561000C9CF3 /* ToDoList.xcdatamodel */ = {isa = PBXFileReference; lastKnownFileType = wrapper.xcdatamodel; path = ToDoList.xcdatamodel; sourceTree = "<group>"; };
		C8686A862A375563000C9CF3 /* Assets.xcassets */ = {isa = PBXFileReference; lastKnownFileType = folder.assetcatalog; path = Assets.xcassets; sourceTree = "<group>"; };
		C8686A892A375563000C9CF3 /* Base */ = {isa = PBXFileReference; lastKnownFileType = file.storyboard; name = Base; path = Base.lproj/LaunchScreen.storyboard; sourceTree = "<group>"; };
		C8686A8B2A375563000C9CF3 /* Info.plist */ = {isa = PBXFileReference; lastKnownFileType = text.plist.xml; path = Info.plist; sourceTree = "<group>"; };
		C8686A902A375563000C9CF3 /* ToDoListTests.xctest */ = {isa = PBXFileReference; explicitFileType = wrapper.cfbundle; includeInIndex = 0; path = ToDoListTests.xctest; sourceTree = BUILT_PRODUCTS_DIR; };
		C8686A942A375563000C9CF3 /* ToDoListTests.swift */ = {isa = PBXFileReference; lastKnownFileType = sourcecode.swift; path = ToDoListTests.swift; sourceTree = "<group>"; };
		C8686A9A2A375563000C9CF3 /* ToDoListUITests.xctest */ = {isa = PBXFileReference; explicitFileType = wrapper.cfbundle; includeInIndex = 0; path = ToDoListUITests.xctest; sourceTree = BUILT_PRODUCTS_DIR; };
		C8686A9E2A375563000C9CF3 /* ToDoListUITests.swift */ = {isa = PBXFileReference; lastKnownFileType = sourcecode.swift; path = ToDoListUITests.swift; sourceTree = "<group>"; };
		C8686AA02A375563000C9CF3 /* ToDoListUITestsLaunchTests.swift */ = {isa = PBXFileReference; lastKnownFileType = sourcecode.swift; path = ToDoListUITestsLaunchTests.swift; sourceTree = "<group>"; };
		C8686AAD2A375587000C9CF3 /* ToDoItem.swift */ = {isa = PBXFileReference; lastKnownFileType = sourcecode.swift; path = ToDoItem.swift; sourceTree = "<group>"; };
		C89556012A4D607900BC557C /* AddNewItemControl.swift */ = {isa = PBXFileReference; lastKnownFileType = sourcecode.swift; path = AddNewItemControl.swift; sourceTree = "<group>"; };
		C89556052A4D953900BC557C /* Colors.swift */ = {isa = PBXFileReference; lastKnownFileType = sourcecode.swift; path = Colors.swift; sourceTree = "<group>"; };
		C8AE7F682A55F819002ADC4E /* URLSessionExtension.swift */ = {isa = PBXFileReference; lastKnownFileType = sourcecode.swift; path = URLSessionExtension.swift; sourceTree = "<group>"; };
		C8AE7F6A2A55FC67002ADC4E /* DefaultNetworkingService.swift */ = {isa = PBXFileReference; lastKnownFileType = sourcecode.swift; path = DefaultNetworkingService.swift; sourceTree = "<group>"; };
		C8AE7F6C2A560150002ADC4E /* ToDoItemServer.swift */ = {isa = PBXFileReference; lastKnownFileType = sourcecode.swift; path = ToDoItemServer.swift; sourceTree = "<group>"; };
		C8AE7F6E2A560170002ADC4E /* ListResponseServer.swift */ = {isa = PBXFileReference; lastKnownFileType = sourcecode.swift; path = ListResponseServer.swift; sourceTree = "<group>"; };
		C8AE7F712A56071B002ADC4E /* Session.swift */ = {isa = PBXFileReference; lastKnownFileType = sourcecode.swift; path = Session.swift; sourceTree = "<group>"; };
		C8AE7F732A5756C5002ADC4E /* ItemResponseServer.swift */ = {isa = PBXFileReference; lastKnownFileType = sourcecode.swift; path = ItemResponseServer.swift; sourceTree = "<group>"; };
		C8AE7F752A57EF81002ADC4E /* RequestError.swift */ = {isa = PBXFileReference; lastKnownFileType = sourcecode.swift; path = RequestError.swift; sourceTree = "<group>"; };
		C8CE8DF72A389472002A2A00 /* FileCache.swift */ = {isa = PBXFileReference; lastKnownFileType = sourcecode.swift; path = FileCache.swift; sourceTree = "<group>"; };
		F02811785B4913DC71809208 /* Pods-ToDoListTests.debug.xcconfig */ = {isa = PBXFileReference; includeInIndex = 1; lastKnownFileType = text.xcconfig; name = "Pods-ToDoListTests.debug.xcconfig"; path = "Target Support Files/Pods-ToDoListTests/Pods-ToDoListTests.debug.xcconfig"; sourceTree = "<group>"; };
/* End PBXFileReference section */

/* Begin PBXFrameworksBuildPhase section */
		C8686A742A375561000C9CF3 /* Frameworks */ = {
			isa = PBXFrameworksBuildPhase;
			buildActionMask = 2147483647;
			files = (
				C8AE7F132A4F8BFE002ADC4E /* CocoaLumberjack in Frameworks */,
				850922540173589B3A2173AB /* Pods_ToDoList.framework in Frameworks */,
				C8AE7F172A4F8BFE002ADC4E /* CocoaLumberjackSwiftLogBackend in Frameworks */,
				C8AE7F152A4F8BFE002ADC4E /* CocoaLumberjackSwift in Frameworks */,
			);
			runOnlyForDeploymentPostprocessing = 0;
		};
		C8686A8D2A375563000C9CF3 /* Frameworks */ = {
			isa = PBXFrameworksBuildPhase;
			buildActionMask = 2147483647;
			files = (
				96990617CFFCA2AF64255592 /* Pods_ToDoListTests.framework in Frameworks */,
			);
			runOnlyForDeploymentPostprocessing = 0;
		};
		C8686A972A375563000C9CF3 /* Frameworks */ = {
			isa = PBXFrameworksBuildPhase;
			buildActionMask = 2147483647;
			files = (
				54BB84C2535D9D6FEDF142B6 /* Pods_ToDoList_ToDoListUITests.framework in Frameworks */,
			);
			runOnlyForDeploymentPostprocessing = 0;
		};
/* End PBXFrameworksBuildPhase section */

/* Begin PBXGroup section */
		124EA188E32F52118C1B1CDC /* Frameworks */ = {
			isa = PBXGroup;
			children = (
				152F4F7D9305EF7858C87A28 /* Pods_ToDoList.framework */,
				7D8B9F6993D53122476DC3D5 /* Pods_ToDoList_ToDoListUITests.framework */,
				5BC79A7FF71018E29082D5EC /* Pods_ToDoListTests.framework */,
			);
			name = Frameworks;
			sourceTree = "<group>";
		};
		9546608243FB0C64DE3E1DE2 /* Pods */ = {
			isa = PBXGroup;
			children = (
				65184E610615B6415B6FCCED /* Pods-ToDoList.debug.xcconfig */,
				A13C139A36EE884DECA0F601 /* Pods-ToDoList.release.xcconfig */,
				527778A8B12593FDC306C93E /* Pods-ToDoList-ToDoListUITests.debug.xcconfig */,
				302480765C453A1C611DBFEA /* Pods-ToDoList-ToDoListUITests.release.xcconfig */,
				F02811785B4913DC71809208 /* Pods-ToDoListTests.debug.xcconfig */,
				1654F6E87E32B6D1161C25CA /* Pods-ToDoListTests.release.xcconfig */,
			);
			path = Pods;
			sourceTree = "<group>";
		};
		C83C12102A40E1FA00950448 /* Cells */ = {
			isa = PBXGroup;
			children = (
				C83C120E2A40E1F600950448 /* TextCell.swift */,
				C83C12112A417A5400950448 /* ImportanceCell.swift */,
				C83C121E2A41E5D200950448 /* SetDeadLineCell.swift */,
				C83C12232A42FD9100950448 /* CalendarCell.swift */,
				C83C12252A432F5F00950448 /* DeleteCell.swift */,
				C83C127B2A4AE9D900950448 /* ItemListCell.swift */,
			);
			path = Cells;
			sourceTree = "<group>";
		};
		C83C12292A4380DB00950448 /* Extensions */ = {
			isa = PBXGroup;
			children = (
				C83C12272A4380D400950448 /* UIViewExtension.swift */,
				C8AE7F682A55F819002ADC4E /* URLSessionExtension.swift */,
			);
			path = Extensions;
			sourceTree = "<group>";
		};
		C83C122D2A44996D00950448 /* Controllers */ = {
			isa = PBXGroup;
			children = (
				C83C12752A4AC05100950448 /* ItemsListViewController.swift */,
				C89556072A4DB8DD00BC557C /* AdditionalsForItemsListVC */,
				C8686A7E2A375561000C9CF3 /* ItemViewController.swift */,
			);
			path = Controllers;
			sourceTree = "<group>";
		};
		C8686A6E2A375561000C9CF3 = {
			isa = PBXGroup;
			children = (
				C8686A792A375561000C9CF3 /* ToDoList */,
				C8686A932A375563000C9CF3 /* ToDoListTests */,
				C8686A9D2A375563000C9CF3 /* ToDoListUITests */,
				C8686A782A375561000C9CF3 /* Products */,
				9546608243FB0C64DE3E1DE2 /* Pods */,
				124EA188E32F52118C1B1CDC /* Frameworks */,
			);
			sourceTree = "<group>";
		};
		C8686A782A375561000C9CF3 /* Products */ = {
			isa = PBXGroup;
			children = (
				C8686A772A375561000C9CF3 /* ToDoList.app */,
				C8686A902A375563000C9CF3 /* ToDoListTests.xctest */,
				C8686A9A2A375563000C9CF3 /* ToDoListUITests.xctest */,
			);
			name = Products;
			sourceTree = "<group>";
		};
		C8686A792A375561000C9CF3 /* ToDoList */ = {
			isa = PBXGroup;
			children = (
				C8CE8E0C2A3C5A98002A2A00 /* Model */,
				C8CE8E0D2A3C5AA6002A2A00 /* Cache */,
				C83C12102A40E1FA00950448 /* Cells */,
				C83C122D2A44996D00950448 /* Controllers */,
				C8AE7F702A560677002ADC4E /* NetworkService */,
				C83C12292A4380DB00950448 /* Extensions */,
				C89556092A4DB97C00BC557C /* Colors */,
				C8686A7A2A375561000C9CF3 /* AppDelegate.swift */,
				C8686A7C2A375561000C9CF3 /* SceneDelegate.swift */,
				C8686A802A375561000C9CF3 /* Main.storyboard */,
				C8686A862A375563000C9CF3 /* Assets.xcassets */,
				C8686A882A375563000C9CF3 /* LaunchScreen.storyboard */,
				C8686A8B2A375563000C9CF3 /* Info.plist */,
				C8686A832A375561000C9CF3 /* ToDoList.xcdatamodeld */,
			);
			path = ToDoList;
			sourceTree = "<group>";
		};
		C8686A932A375563000C9CF3 /* ToDoListTests */ = {
			isa = PBXGroup;
			children = (
				C8686A942A375563000C9CF3 /* ToDoListTests.swift */,
			);
			path = ToDoListTests;
			sourceTree = "<group>";
		};
		C8686A9D2A375563000C9CF3 /* ToDoListUITests */ = {
			isa = PBXGroup;
			children = (
				C8686A9E2A375563000C9CF3 /* ToDoListUITests.swift */,
				C8686AA02A375563000C9CF3 /* ToDoListUITestsLaunchTests.swift */,
			);
			path = ToDoListUITests;
			sourceTree = "<group>";
		};
		C89556072A4DB8DD00BC557C /* AdditionalsForItemsListVC */ = {
			isa = PBXGroup;
			children = (
				C89556012A4D607900BC557C /* AddNewItemControl.swift */,
				C83C12792A4ADE8D00950448 /* HeaderForSectionView.swift */,
				C83C12772A4AD15800950448 /* ShowOrHideControl.swift */,
			);
			path = AdditionalsForItemsListVC;
			sourceTree = "<group>";
		};
		C89556092A4DB97C00BC557C /* Colors */ = {
			isa = PBXGroup;
			children = (
				C89556052A4D953900BC557C /* Colors.swift */,
			);
			path = Colors;
			sourceTree = "<group>";
		};
		C8AE7F702A560677002ADC4E /* NetworkService */ = {
			isa = PBXGroup;
			children = (
				C8AE7F6A2A55FC67002ADC4E /* DefaultNetworkingService.swift */,
				C8AE7F752A57EF81002ADC4E /* RequestError.swift */,
			);
			path = NetworkService;
			sourceTree = "<group>";
		};
		C8CE8E0C2A3C5A98002A2A00 /* Model */ = {
			isa = PBXGroup;
			children = (
				C8AE7F712A56071B002ADC4E /* Session.swift */,
				C8686AAD2A375587000C9CF3 /* ToDoItem.swift */,
				C8AE7F6E2A560170002ADC4E /* ListResponseServer.swift */,
				C8AE7F732A5756C5002ADC4E /* ItemResponseServer.swift */,
				C8AE7F6C2A560150002ADC4E /* ToDoItemServer.swift */,
			);
			path = Model;
			sourceTree = "<group>";
		};
		C8CE8E0D2A3C5AA6002A2A00 /* Cache */ = {
			isa = PBXGroup;
			children = (
				C8CE8DF72A389472002A2A00 /* FileCache.swift */,
			);
			path = Cache;
			sourceTree = "<group>";
		};
/* End PBXGroup section */

/* Begin PBXNativeTarget section */
		C8686A762A375561000C9CF3 /* ToDoList */ = {
			isa = PBXNativeTarget;
			buildConfigurationList = C8686AA42A375563000C9CF3 /* Build configuration list for PBXNativeTarget "ToDoList" */;
			buildPhases = (
				FDB67CBB04755099ED63557E /* [CP] Check Pods Manifest.lock */,
				C8686A732A375561000C9CF3 /* Sources */,
				C8686A742A375561000C9CF3 /* Frameworks */,
				C8686A752A375561000C9CF3 /* Resources */,
				C8AE7F102A4F856A002ADC4E /* ShellScript */,
			);
			buildRules = (
			);
			dependencies = (
			);
			name = ToDoList;
			packageProductDependencies = (
				C8AE7F122A4F8BFE002ADC4E /* CocoaLumberjack */,
				C8AE7F142A4F8BFE002ADC4E /* CocoaLumberjackSwift */,
				C8AE7F162A4F8BFE002ADC4E /* CocoaLumberjackSwiftLogBackend */,
			);
			productName = ToDoList;
			productReference = C8686A772A375561000C9CF3 /* ToDoList.app */;
			productType = "com.apple.product-type.application";
		};
		C8686A8F2A375563000C9CF3 /* ToDoListTests */ = {
			isa = PBXNativeTarget;
			buildConfigurationList = C8686AA72A375563000C9CF3 /* Build configuration list for PBXNativeTarget "ToDoListTests" */;
			buildPhases = (
				4CEC427C8DEE239853E0B99B /* [CP] Check Pods Manifest.lock */,
				C8686A8C2A375563000C9CF3 /* Sources */,
				C8686A8D2A375563000C9CF3 /* Frameworks */,
				C8686A8E2A375563000C9CF3 /* Resources */,
			);
			buildRules = (
			);
			dependencies = (
				C8686A922A375563000C9CF3 /* PBXTargetDependency */,
			);
			name = ToDoListTests;
			productName = ToDoListTests;
			productReference = C8686A902A375563000C9CF3 /* ToDoListTests.xctest */;
			productType = "com.apple.product-type.bundle.unit-test";
		};
		C8686A992A375563000C9CF3 /* ToDoListUITests */ = {
			isa = PBXNativeTarget;
			buildConfigurationList = C8686AAA2A375563000C9CF3 /* Build configuration list for PBXNativeTarget "ToDoListUITests" */;
			buildPhases = (
				7CA592C979C623540B34C3B2 /* [CP] Check Pods Manifest.lock */,
				C8686A962A375563000C9CF3 /* Sources */,
				C8686A972A375563000C9CF3 /* Frameworks */,
				C8686A982A375563000C9CF3 /* Resources */,
			);
			buildRules = (
			);
			dependencies = (
				C8686A9C2A375563000C9CF3 /* PBXTargetDependency */,
			);
			name = ToDoListUITests;
			productName = ToDoListUITests;
			productReference = C8686A9A2A375563000C9CF3 /* ToDoListUITests.xctest */;
			productType = "com.apple.product-type.bundle.ui-testing";
		};
/* End PBXNativeTarget section */

/* Begin PBXProject section */
		C8686A6F2A375561000C9CF3 /* Project object */ = {
			isa = PBXProject;
			attributes = {
				BuildIndependentTargetsInParallel = 1;
				LastSwiftUpdateCheck = 1420;
				LastUpgradeCheck = 1420;
				TargetAttributes = {
					C8686A762A375561000C9CF3 = {
						CreatedOnToolsVersion = 14.2;
					};
					C8686A8F2A375563000C9CF3 = {
						CreatedOnToolsVersion = 14.2;
						TestTargetID = C8686A762A375561000C9CF3;
					};
					C8686A992A375563000C9CF3 = {
						CreatedOnToolsVersion = 14.2;
						TestTargetID = C8686A762A375561000C9CF3;
					};
				};
			};
			buildConfigurationList = C8686A722A375561000C9CF3 /* Build configuration list for PBXProject "ToDoList" */;
			compatibilityVersion = "Xcode 14.0";
			developmentRegion = en;
			hasScannedForEncodings = 0;
			knownRegions = (
				en,
				Base,
			);
			mainGroup = C8686A6E2A375561000C9CF3;
			packageReferences = (
				C8AE7F112A4F8BFE002ADC4E /* XCRemoteSwiftPackageReference "CocoaLumberjack" */,
			);
			productRefGroup = C8686A782A375561000C9CF3 /* Products */;
			projectDirPath = "";
			projectRoot = "";
			targets = (
				C8686A762A375561000C9CF3 /* ToDoList */,
				C8686A8F2A375563000C9CF3 /* ToDoListTests */,
				C8686A992A375563000C9CF3 /* ToDoListUITests */,
			);
		};
/* End PBXProject section */

/* Begin PBXResourcesBuildPhase section */
		C8686A752A375561000C9CF3 /* Resources */ = {
			isa = PBXResourcesBuildPhase;
			buildActionMask = 2147483647;
			files = (
				C8686A8A2A375563000C9CF3 /* LaunchScreen.storyboard in Resources */,
				C8686A872A375563000C9CF3 /* Assets.xcassets in Resources */,
				C8686A822A375561000C9CF3 /* Main.storyboard in Resources */,
			);
			runOnlyForDeploymentPostprocessing = 0;
		};
		C8686A8E2A375563000C9CF3 /* Resources */ = {
			isa = PBXResourcesBuildPhase;
			buildActionMask = 2147483647;
			files = (
			);
			runOnlyForDeploymentPostprocessing = 0;
		};
		C8686A982A375563000C9CF3 /* Resources */ = {
			isa = PBXResourcesBuildPhase;
			buildActionMask = 2147483647;
			files = (
			);
			runOnlyForDeploymentPostprocessing = 0;
		};
/* End PBXResourcesBuildPhase section */

/* Begin PBXShellScriptBuildPhase section */
		4CEC427C8DEE239853E0B99B /* [CP] Check Pods Manifest.lock */ = {
			isa = PBXShellScriptBuildPhase;
			buildActionMask = 2147483647;
			files = (
			);
			inputFileListPaths = (
			);
			inputPaths = (
				"${PODS_PODFILE_DIR_PATH}/Podfile.lock",
				"${PODS_ROOT}/Manifest.lock",
			);
			name = "[CP] Check Pods Manifest.lock";
			outputFileListPaths = (
			);
			outputPaths = (
				"$(DERIVED_FILE_DIR)/Pods-ToDoListTests-checkManifestLockResult.txt",
			);
			runOnlyForDeploymentPostprocessing = 0;
			shellPath = /bin/sh;
			shellScript = "diff \"${PODS_PODFILE_DIR_PATH}/Podfile.lock\" \"${PODS_ROOT}/Manifest.lock\" > /dev/null\nif [ $? != 0 ] ; then\n    # print error to STDERR\n    echo \"error: The sandbox is not in sync with the Podfile.lock. Run 'pod install' or update your CocoaPods installation.\" >&2\n    exit 1\nfi\n# This output is used by Xcode 'outputs' to avoid re-running this script phase.\necho \"SUCCESS\" > \"${SCRIPT_OUTPUT_FILE_0}\"\n";
			showEnvVarsInLog = 0;
		};
		7CA592C979C623540B34C3B2 /* [CP] Check Pods Manifest.lock */ = {
			isa = PBXShellScriptBuildPhase;
			buildActionMask = 2147483647;
			files = (
			);
			inputFileListPaths = (
			);
			inputPaths = (
				"${PODS_PODFILE_DIR_PATH}/Podfile.lock",
				"${PODS_ROOT}/Manifest.lock",
			);
			name = "[CP] Check Pods Manifest.lock";
			outputFileListPaths = (
			);
			outputPaths = (
				"$(DERIVED_FILE_DIR)/Pods-ToDoList-ToDoListUITests-checkManifestLockResult.txt",
			);
			runOnlyForDeploymentPostprocessing = 0;
			shellPath = /bin/sh;
			shellScript = "diff \"${PODS_PODFILE_DIR_PATH}/Podfile.lock\" \"${PODS_ROOT}/Manifest.lock\" > /dev/null\nif [ $? != 0 ] ; then\n    # print error to STDERR\n    echo \"error: The sandbox is not in sync with the Podfile.lock. Run 'pod install' or update your CocoaPods installation.\" >&2\n    exit 1\nfi\n# This output is used by Xcode 'outputs' to avoid re-running this script phase.\necho \"SUCCESS\" > \"${SCRIPT_OUTPUT_FILE_0}\"\n";
			showEnvVarsInLog = 0;
		};
		C8AE7F102A4F856A002ADC4E /* ShellScript */ = {
			isa = PBXShellScriptBuildPhase;
			buildActionMask = 2147483647;
			files = (
			);
			inputFileListPaths = (
			);
			inputPaths = (
			);
			outputFileListPaths = (
			);
			outputPaths = (
			);
			runOnlyForDeploymentPostprocessing = 0;
			shellPath = /bin/sh;
			shellScript = "# Type a script or drag a script file from your workspace to insert its path.\nSWIFT_LINT=/usr/local/bin/swiftlint\n\nif [[ -e \"${SWIFT_LINT}\" ]]; then\n    echo \"[I] Found SwiftLint at ${SWIFT_LINT}\"\nelse\n    echo \"[!] Local SwiftLint not found at ${SWIFT_LINT}\"\n    export SWIFT_LINT=${PWD}/Pods/SwiftLint/swiftlint\n    echo \"[I] Try to using SwiftLint from cocoapods at ${SWIFT_LINT}\"\nfi\n\nif [[ ! -e \"${SWIFT_LINT}\" ]]; then\n    echo \"[!] SwifLint is not installed.\"\n    echo \"[!] Expected location is '${SWIFT_LINT}'\"\n    echo \"[!] Please install it. eg. 'brew install swiftlint'\"\n    exit 1\nfi\n\necho \"[I] SwiftLint version: $(${SWIFT_LINT} version)\"\n\ngit ls-files --other --modified --exclude-standard -- \"*.swift\" | while read filename; do\n    $SWIFT_LINT lint --path \"$filename\";\n    $SWIFT_LINT autocorrect --path \"$filename\";\ndone\n";
		};
		FDB67CBB04755099ED63557E /* [CP] Check Pods Manifest.lock */ = {
			isa = PBXShellScriptBuildPhase;
			buildActionMask = 2147483647;
			files = (
			);
			inputFileListPaths = (
			);
			inputPaths = (
				"${PODS_PODFILE_DIR_PATH}/Podfile.lock",
				"${PODS_ROOT}/Manifest.lock",
			);
			name = "[CP] Check Pods Manifest.lock";
			outputFileListPaths = (
			);
			outputPaths = (
				"$(DERIVED_FILE_DIR)/Pods-ToDoList-checkManifestLockResult.txt",
			);
			runOnlyForDeploymentPostprocessing = 0;
			shellPath = /bin/sh;
			shellScript = "diff \"${PODS_PODFILE_DIR_PATH}/Podfile.lock\" \"${PODS_ROOT}/Manifest.lock\" > /dev/null\nif [ $? != 0 ] ; then\n    # print error to STDERR\n    echo \"error: The sandbox is not in sync with the Podfile.lock. Run 'pod install' or update your CocoaPods installation.\" >&2\n    exit 1\nfi\n# This output is used by Xcode 'outputs' to avoid re-running this script phase.\necho \"SUCCESS\" > \"${SCRIPT_OUTPUT_FILE_0}\"\n";
			showEnvVarsInLog = 0;
		};
/* End PBXShellScriptBuildPhase section */

/* Begin PBXSourcesBuildPhase section */
		C8686A732A375561000C9CF3 /* Sources */ = {
			isa = PBXSourcesBuildPhase;
			buildActionMask = 2147483647;
			files = (
				C8686A7F2A375561000C9CF3 /* ItemViewController.swift in Sources */,
				C8AE7F6F2A560170002ADC4E /* ListResponseServer.swift in Sources */,
				C83C12122A417A5400950448 /* ImportanceCell.swift in Sources */,
				C8686A7B2A375561000C9CF3 /* AppDelegate.swift in Sources */,
				C8686AAE2A375587000C9CF3 /* ToDoItem.swift in Sources */,
				C83C120F2A40E1F600950448 /* TextCell.swift in Sources */,
				C83C121F2A41E5D200950448 /* SetDeadLineCell.swift in Sources */,
				C83C12242A42FD9100950448 /* CalendarCell.swift in Sources */,
				C8686A7D2A375561000C9CF3 /* SceneDelegate.swift in Sources */,
				C83C127C2A4AE9D900950448 /* ItemListCell.swift in Sources */,
				C83C12282A4380D400950448 /* UIViewExtension.swift in Sources */,
				C8AE7F762A57EF81002ADC4E /* RequestError.swift in Sources */,
				C83C127A2A4ADE8D00950448 /* HeaderForSectionView.swift in Sources */,
				C89556062A4D953900BC557C /* Colors.swift in Sources */,
				C83C12782A4AD15800950448 /* ShowOrHideControl.swift in Sources */,
				C8CE8DF82A389472002A2A00 /* FileCache.swift in Sources */,
				C8AE7F692A55F819002ADC4E /* URLSessionExtension.swift in Sources */,
				C8AE7F742A5756C5002ADC4E /* ItemResponseServer.swift in Sources */,
				C83C12762A4AC05100950448 /* ItemsListViewController.swift in Sources */,
				C89556022A4D607900BC557C /* AddNewItemControl.swift in Sources */,
				C83C12262A432F5F00950448 /* DeleteCell.swift in Sources */,
				C8AE7F722A56071B002ADC4E /* Session.swift in Sources */,
				C8686A852A375561000C9CF3 /* ToDoList.xcdatamodeld in Sources */,
				C8AE7F6D2A560150002ADC4E /* ToDoItemServer.swift in Sources */,
				C8AE7F6B2A55FC67002ADC4E /* DefaultNetworkingService.swift in Sources */,
			);
			runOnlyForDeploymentPostprocessing = 0;
		};
		C8686A8C2A375563000C9CF3 /* Sources */ = {
			isa = PBXSourcesBuildPhase;
			buildActionMask = 2147483647;
			files = (
				C8686A952A375563000C9CF3 /* ToDoListTests.swift in Sources */,
			);
			runOnlyForDeploymentPostprocessing = 0;
		};
		C8686A962A375563000C9CF3 /* Sources */ = {
			isa = PBXSourcesBuildPhase;
			buildActionMask = 2147483647;
			files = (
				C8686AA12A375563000C9CF3 /* ToDoListUITestsLaunchTests.swift in Sources */,
				C8686A9F2A375563000C9CF3 /* ToDoListUITests.swift in Sources */,
			);
			runOnlyForDeploymentPostprocessing = 0;
		};
/* End PBXSourcesBuildPhase section */

/* Begin PBXTargetDependency section */
		C8686A922A375563000C9CF3 /* PBXTargetDependency */ = {
			isa = PBXTargetDependency;
			target = C8686A762A375561000C9CF3 /* ToDoList */;
			targetProxy = C8686A912A375563000C9CF3 /* PBXContainerItemProxy */;
		};
		C8686A9C2A375563000C9CF3 /* PBXTargetDependency */ = {
			isa = PBXTargetDependency;
			target = C8686A762A375561000C9CF3 /* ToDoList */;
			targetProxy = C8686A9B2A375563000C9CF3 /* PBXContainerItemProxy */;
		};
/* End PBXTargetDependency section */

/* Begin PBXVariantGroup section */
		C8686A802A375561000C9CF3 /* Main.storyboard */ = {
			isa = PBXVariantGroup;
			children = (
				C8686A812A375561000C9CF3 /* Base */,
			);
			name = Main.storyboard;
			sourceTree = "<group>";
		};
		C8686A882A375563000C9CF3 /* LaunchScreen.storyboard */ = {
			isa = PBXVariantGroup;
			children = (
				C8686A892A375563000C9CF3 /* Base */,
			);
			name = LaunchScreen.storyboard;
			sourceTree = "<group>";
		};
/* End PBXVariantGroup section */

/* Begin XCBuildConfiguration section */
		C8686AA22A375563000C9CF3 /* Debug */ = {
			isa = XCBuildConfiguration;
			buildSettings = {
				ALWAYS_SEARCH_USER_PATHS = NO;
				CLANG_ANALYZER_NONNULL = YES;
				CLANG_ANALYZER_NUMBER_OBJECT_CONVERSION = YES_AGGRESSIVE;
				CLANG_CXX_LANGUAGE_STANDARD = "gnu++20";
				CLANG_ENABLE_MODULES = YES;
				CLANG_ENABLE_OBJC_ARC = YES;
				CLANG_ENABLE_OBJC_WEAK = YES;
				CLANG_WARN_BLOCK_CAPTURE_AUTORELEASING = YES;
				CLANG_WARN_BOOL_CONVERSION = YES;
				CLANG_WARN_COMMA = YES;
				CLANG_WARN_CONSTANT_CONVERSION = YES;
				CLANG_WARN_DEPRECATED_OBJC_IMPLEMENTATIONS = YES;
				CLANG_WARN_DIRECT_OBJC_ISA_USAGE = YES_ERROR;
				CLANG_WARN_DOCUMENTATION_COMMENTS = YES;
				CLANG_WARN_EMPTY_BODY = YES;
				CLANG_WARN_ENUM_CONVERSION = YES;
				CLANG_WARN_INFINITE_RECURSION = YES;
				CLANG_WARN_INT_CONVERSION = YES;
				CLANG_WARN_NON_LITERAL_NULL_CONVERSION = YES;
				CLANG_WARN_OBJC_IMPLICIT_RETAIN_SELF = YES;
				CLANG_WARN_OBJC_LITERAL_CONVERSION = YES;
				CLANG_WARN_OBJC_ROOT_CLASS = YES_ERROR;
				CLANG_WARN_QUOTED_INCLUDE_IN_FRAMEWORK_HEADER = YES;
				CLANG_WARN_RANGE_LOOP_ANALYSIS = YES;
				CLANG_WARN_STRICT_PROTOTYPES = YES;
				CLANG_WARN_SUSPICIOUS_MOVE = YES;
				CLANG_WARN_UNGUARDED_AVAILABILITY = YES_AGGRESSIVE;
				CLANG_WARN_UNREACHABLE_CODE = YES;
				CLANG_WARN__DUPLICATE_METHOD_MATCH = YES;
				COPY_PHASE_STRIP = NO;
				DEBUG_INFORMATION_FORMAT = dwarf;
				ENABLE_STRICT_OBJC_MSGSEND = YES;
				ENABLE_TESTABILITY = YES;
				GCC_C_LANGUAGE_STANDARD = gnu11;
				GCC_DYNAMIC_NO_PIC = NO;
				GCC_NO_COMMON_BLOCKS = YES;
				GCC_OPTIMIZATION_LEVEL = 0;
				GCC_PREPROCESSOR_DEFINITIONS = (
					"DEBUG=1",
					"$(inherited)",
				);
				GCC_WARN_64_TO_32_BIT_CONVERSION = YES;
				GCC_WARN_ABOUT_RETURN_TYPE = YES_ERROR;
				GCC_WARN_UNDECLARED_SELECTOR = YES;
				GCC_WARN_UNINITIALIZED_AUTOS = YES_AGGRESSIVE;
				GCC_WARN_UNUSED_FUNCTION = YES;
				GCC_WARN_UNUSED_VARIABLE = YES;
				IPHONEOS_DEPLOYMENT_TARGET = 16.2;
				MTL_ENABLE_DEBUG_INFO = INCLUDE_SOURCE;
				MTL_FAST_MATH = YES;
				ONLY_ACTIVE_ARCH = YES;
				SDKROOT = iphoneos;
				SWIFT_ACTIVE_COMPILATION_CONDITIONS = DEBUG;
				SWIFT_OPTIMIZATION_LEVEL = "-Onone";
			};
			name = Debug;
		};
		C8686AA32A375563000C9CF3 /* Release */ = {
			isa = XCBuildConfiguration;
			buildSettings = {
				ALWAYS_SEARCH_USER_PATHS = NO;
				CLANG_ANALYZER_NONNULL = YES;
				CLANG_ANALYZER_NUMBER_OBJECT_CONVERSION = YES_AGGRESSIVE;
				CLANG_CXX_LANGUAGE_STANDARD = "gnu++20";
				CLANG_ENABLE_MODULES = YES;
				CLANG_ENABLE_OBJC_ARC = YES;
				CLANG_ENABLE_OBJC_WEAK = YES;
				CLANG_WARN_BLOCK_CAPTURE_AUTORELEASING = YES;
				CLANG_WARN_BOOL_CONVERSION = YES;
				CLANG_WARN_COMMA = YES;
				CLANG_WARN_CONSTANT_CONVERSION = YES;
				CLANG_WARN_DEPRECATED_OBJC_IMPLEMENTATIONS = YES;
				CLANG_WARN_DIRECT_OBJC_ISA_USAGE = YES_ERROR;
				CLANG_WARN_DOCUMENTATION_COMMENTS = YES;
				CLANG_WARN_EMPTY_BODY = YES;
				CLANG_WARN_ENUM_CONVERSION = YES;
				CLANG_WARN_INFINITE_RECURSION = YES;
				CLANG_WARN_INT_CONVERSION = YES;
				CLANG_WARN_NON_LITERAL_NULL_CONVERSION = YES;
				CLANG_WARN_OBJC_IMPLICIT_RETAIN_SELF = YES;
				CLANG_WARN_OBJC_LITERAL_CONVERSION = YES;
				CLANG_WARN_OBJC_ROOT_CLASS = YES_ERROR;
				CLANG_WARN_QUOTED_INCLUDE_IN_FRAMEWORK_HEADER = YES;
				CLANG_WARN_RANGE_LOOP_ANALYSIS = YES;
				CLANG_WARN_STRICT_PROTOTYPES = YES;
				CLANG_WARN_SUSPICIOUS_MOVE = YES;
				CLANG_WARN_UNGUARDED_AVAILABILITY = YES_AGGRESSIVE;
				CLANG_WARN_UNREACHABLE_CODE = YES;
				CLANG_WARN__DUPLICATE_METHOD_MATCH = YES;
				COPY_PHASE_STRIP = NO;
				DEBUG_INFORMATION_FORMAT = "dwarf-with-dsym";
				ENABLE_NS_ASSERTIONS = NO;
				ENABLE_STRICT_OBJC_MSGSEND = YES;
				GCC_C_LANGUAGE_STANDARD = gnu11;
				GCC_NO_COMMON_BLOCKS = YES;
				GCC_WARN_64_TO_32_BIT_CONVERSION = YES;
				GCC_WARN_ABOUT_RETURN_TYPE = YES_ERROR;
				GCC_WARN_UNDECLARED_SELECTOR = YES;
				GCC_WARN_UNINITIALIZED_AUTOS = YES_AGGRESSIVE;
				GCC_WARN_UNUSED_FUNCTION = YES;
				GCC_WARN_UNUSED_VARIABLE = YES;
				IPHONEOS_DEPLOYMENT_TARGET = 16.2;
				MTL_ENABLE_DEBUG_INFO = NO;
				MTL_FAST_MATH = YES;
				SDKROOT = iphoneos;
				SWIFT_COMPILATION_MODE = wholemodule;
				SWIFT_OPTIMIZATION_LEVEL = "-O";
				VALIDATE_PRODUCT = YES;
			};
			name = Release;
		};
		C8686AA52A375563000C9CF3 /* Debug */ = {
			isa = XCBuildConfiguration;
			baseConfigurationReference = 65184E610615B6415B6FCCED /* Pods-ToDoList.debug.xcconfig */;
			buildSettings = {
				ASSETCATALOG_COMPILER_APPICON_NAME = AppIcon;
				ASSETCATALOG_COMPILER_GLOBAL_ACCENT_COLOR_NAME = AccentColor;
				CODE_SIGN_STYLE = Automatic;
				CURRENT_PROJECT_VERSION = 1;
				DEVELOPMENT_TEAM = DHN8DB5MD6;
				GENERATE_INFOPLIST_FILE = YES;
				INFOPLIST_FILE = ToDoList/Info.plist;
				INFOPLIST_KEY_UIApplicationSupportsIndirectInputEvents = YES;
				INFOPLIST_KEY_UILaunchStoryboardName = LaunchScreen;
				INFOPLIST_KEY_UIMainStoryboardFile = Main;
				INFOPLIST_KEY_UISupportedInterfaceOrientations_iPad = "UIInterfaceOrientationPortrait UIInterfaceOrientationPortraitUpsideDown UIInterfaceOrientationLandscapeLeft UIInterfaceOrientationLandscapeRight";
				INFOPLIST_KEY_UISupportedInterfaceOrientations_iPhone = "UIInterfaceOrientationPortrait UIInterfaceOrientationLandscapeLeft UIInterfaceOrientationLandscapeRight";
				LD_RUNPATH_SEARCH_PATHS = (
					"$(inherited)",
					"@executable_path/Frameworks",
				);
				MARKETING_VERSION = 1.0;
				PRODUCT_BUNDLE_IDENTIFIER = KDaniil1.ToDoList;
				PRODUCT_NAME = "$(TARGET_NAME)";
				SWIFT_EMIT_LOC_STRINGS = YES;
				SWIFT_STRICT_CONCURRENCY = complete;
				SWIFT_VERSION = 5.0;
				TARGETED_DEVICE_FAMILY = "1,2";
			};
			name = Debug;
		};
		C8686AA62A375563000C9CF3 /* Release */ = {
			isa = XCBuildConfiguration;
			baseConfigurationReference = A13C139A36EE884DECA0F601 /* Pods-ToDoList.release.xcconfig */;
			buildSettings = {
				ASSETCATALOG_COMPILER_APPICON_NAME = AppIcon;
				ASSETCATALOG_COMPILER_GLOBAL_ACCENT_COLOR_NAME = AccentColor;
				CODE_SIGN_STYLE = Automatic;
				CURRENT_PROJECT_VERSION = 1;
				DEVELOPMENT_TEAM = DHN8DB5MD6;
				GENERATE_INFOPLIST_FILE = YES;
				INFOPLIST_FILE = ToDoList/Info.plist;
				INFOPLIST_KEY_UIApplicationSupportsIndirectInputEvents = YES;
				INFOPLIST_KEY_UILaunchStoryboardName = LaunchScreen;
				INFOPLIST_KEY_UIMainStoryboardFile = Main;
				INFOPLIST_KEY_UISupportedInterfaceOrientations_iPad = "UIInterfaceOrientationPortrait UIInterfaceOrientationPortraitUpsideDown UIInterfaceOrientationLandscapeLeft UIInterfaceOrientationLandscapeRight";
				INFOPLIST_KEY_UISupportedInterfaceOrientations_iPhone = "UIInterfaceOrientationPortrait UIInterfaceOrientationLandscapeLeft UIInterfaceOrientationLandscapeRight";
				LD_RUNPATH_SEARCH_PATHS = (
					"$(inherited)",
					"@executable_path/Frameworks",
				);
				MARKETING_VERSION = 1.0;
				PRODUCT_BUNDLE_IDENTIFIER = KDaniil1.ToDoList;
				PRODUCT_NAME = "$(TARGET_NAME)";
				SWIFT_EMIT_LOC_STRINGS = YES;
				SWIFT_STRICT_CONCURRENCY = complete;
				SWIFT_VERSION = 5.0;
				TARGETED_DEVICE_FAMILY = "1,2";
			};
			name = Release;
		};
		C8686AA82A375563000C9CF3 /* Debug */ = {
			isa = XCBuildConfiguration;
			baseConfigurationReference = F02811785B4913DC71809208 /* Pods-ToDoListTests.debug.xcconfig */;
			buildSettings = {
				ALWAYS_EMBED_SWIFT_STANDARD_LIBRARIES = YES;
				BUNDLE_LOADER = "$(TEST_HOST)";
				CODE_SIGN_STYLE = Automatic;
				CURRENT_PROJECT_VERSION = 1;
				DEVELOPMENT_TEAM = DHN8DB5MD6;
				GENERATE_INFOPLIST_FILE = YES;
				IPHONEOS_DEPLOYMENT_TARGET = 16.2;
				MARKETING_VERSION = 1.0;
				PRODUCT_BUNDLE_IDENTIFIER = KDaniil1.ToDoListTests;
				PRODUCT_NAME = "$(TARGET_NAME)";
				SWIFT_EMIT_LOC_STRINGS = NO;
				SWIFT_VERSION = 5.0;
				TARGETED_DEVICE_FAMILY = "1,2";
				TEST_HOST = "$(BUILT_PRODUCTS_DIR)/ToDoList.app/$(BUNDLE_EXECUTABLE_FOLDER_PATH)/ToDoList";
			};
			name = Debug;
		};
		C8686AA92A375563000C9CF3 /* Release */ = {
			isa = XCBuildConfiguration;
			baseConfigurationReference = 1654F6E87E32B6D1161C25CA /* Pods-ToDoListTests.release.xcconfig */;
			buildSettings = {
				ALWAYS_EMBED_SWIFT_STANDARD_LIBRARIES = YES;
				BUNDLE_LOADER = "$(TEST_HOST)";
				CODE_SIGN_STYLE = Automatic;
				CURRENT_PROJECT_VERSION = 1;
				DEVELOPMENT_TEAM = DHN8DB5MD6;
				GENERATE_INFOPLIST_FILE = YES;
				IPHONEOS_DEPLOYMENT_TARGET = 16.2;
				MARKETING_VERSION = 1.0;
				PRODUCT_BUNDLE_IDENTIFIER = KDaniil1.ToDoListTests;
				PRODUCT_NAME = "$(TARGET_NAME)";
				SWIFT_EMIT_LOC_STRINGS = NO;
				SWIFT_VERSION = 5.0;
				TARGETED_DEVICE_FAMILY = "1,2";
				TEST_HOST = "$(BUILT_PRODUCTS_DIR)/ToDoList.app/$(BUNDLE_EXECUTABLE_FOLDER_PATH)/ToDoList";
			};
			name = Release;
		};
		C8686AAB2A375563000C9CF3 /* Debug */ = {
			isa = XCBuildConfiguration;
			baseConfigurationReference = 527778A8B12593FDC306C93E /* Pods-ToDoList-ToDoListUITests.debug.xcconfig */;
			buildSettings = {
				ALWAYS_EMBED_SWIFT_STANDARD_LIBRARIES = YES;
				CODE_SIGN_STYLE = Automatic;
				CURRENT_PROJECT_VERSION = 1;
				DEVELOPMENT_TEAM = DHN8DB5MD6;
				GENERATE_INFOPLIST_FILE = YES;
				MARKETING_VERSION = 1.0;
				PRODUCT_BUNDLE_IDENTIFIER = KDaniil1.ToDoListUITests;
				PRODUCT_NAME = "$(TARGET_NAME)";
				SWIFT_EMIT_LOC_STRINGS = NO;
				SWIFT_VERSION = 5.0;
				TARGETED_DEVICE_FAMILY = "1,2";
				TEST_TARGET_NAME = ToDoList;
			};
			name = Debug;
		};
		C8686AAC2A375563000C9CF3 /* Release */ = {
			isa = XCBuildConfiguration;
			baseConfigurationReference = 302480765C453A1C611DBFEA /* Pods-ToDoList-ToDoListUITests.release.xcconfig */;
			buildSettings = {
				ALWAYS_EMBED_SWIFT_STANDARD_LIBRARIES = YES;
				CODE_SIGN_STYLE = Automatic;
				CURRENT_PROJECT_VERSION = 1;
				DEVELOPMENT_TEAM = DHN8DB5MD6;
				GENERATE_INFOPLIST_FILE = YES;
				MARKETING_VERSION = 1.0;
				PRODUCT_BUNDLE_IDENTIFIER = KDaniil1.ToDoListUITests;
				PRODUCT_NAME = "$(TARGET_NAME)";
				SWIFT_EMIT_LOC_STRINGS = NO;
				SWIFT_VERSION = 5.0;
				TARGETED_DEVICE_FAMILY = "1,2";
				TEST_TARGET_NAME = ToDoList;
			};
			name = Release;
		};
/* End XCBuildConfiguration section */

/* Begin XCConfigurationList section */
		C8686A722A375561000C9CF3 /* Build configuration list for PBXProject "ToDoList" */ = {
			isa = XCConfigurationList;
			buildConfigurations = (
				C8686AA22A375563000C9CF3 /* Debug */,
				C8686AA32A375563000C9CF3 /* Release */,
			);
			defaultConfigurationIsVisible = 0;
			defaultConfigurationName = Release;
		};
		C8686AA42A375563000C9CF3 /* Build configuration list for PBXNativeTarget "ToDoList" */ = {
			isa = XCConfigurationList;
			buildConfigurations = (
				C8686AA52A375563000C9CF3 /* Debug */,
				C8686AA62A375563000C9CF3 /* Release */,
			);
			defaultConfigurationIsVisible = 0;
			defaultConfigurationName = Release;
		};
		C8686AA72A375563000C9CF3 /* Build configuration list for PBXNativeTarget "ToDoListTests" */ = {
			isa = XCConfigurationList;
			buildConfigurations = (
				C8686AA82A375563000C9CF3 /* Debug */,
				C8686AA92A375563000C9CF3 /* Release */,
			);
			defaultConfigurationIsVisible = 0;
			defaultConfigurationName = Release;
		};
		C8686AAA2A375563000C9CF3 /* Build configuration list for PBXNativeTarget "ToDoListUITests" */ = {
			isa = XCConfigurationList;
			buildConfigurations = (
				C8686AAB2A375563000C9CF3 /* Debug */,
				C8686AAC2A375563000C9CF3 /* Release */,
			);
			defaultConfigurationIsVisible = 0;
			defaultConfigurationName = Release;
		};
/* End XCConfigurationList section */

/* Begin XCRemoteSwiftPackageReference section */
		C8AE7F112A4F8BFE002ADC4E /* XCRemoteSwiftPackageReference "CocoaLumberjack" */ = {
			isa = XCRemoteSwiftPackageReference;
			repositoryURL = "https://github.com/CocoaLumberjack/CocoaLumberjack";
			requirement = {
				kind = upToNextMajorVersion;
				minimumVersion = 3.0.0;
			};
		};
/* End XCRemoteSwiftPackageReference section */

/* Begin XCSwiftPackageProductDependency section */
		C8AE7F122A4F8BFE002ADC4E /* CocoaLumberjack */ = {
			isa = XCSwiftPackageProductDependency;
			package = C8AE7F112A4F8BFE002ADC4E /* XCRemoteSwiftPackageReference "CocoaLumberjack" */;
			productName = CocoaLumberjack;
		};
		C8AE7F142A4F8BFE002ADC4E /* CocoaLumberjackSwift */ = {
			isa = XCSwiftPackageProductDependency;
			package = C8AE7F112A4F8BFE002ADC4E /* XCRemoteSwiftPackageReference "CocoaLumberjack" */;
			productName = CocoaLumberjackSwift;
		};
		C8AE7F162A4F8BFE002ADC4E /* CocoaLumberjackSwiftLogBackend */ = {
			isa = XCSwiftPackageProductDependency;
			package = C8AE7F112A4F8BFE002ADC4E /* XCRemoteSwiftPackageReference "CocoaLumberjack" */;
			productName = CocoaLumberjackSwiftLogBackend;
		};
/* End XCSwiftPackageProductDependency section */

/* Begin XCVersionGroup section */
		C8686A832A375561000C9CF3 /* ToDoList.xcdatamodeld */ = {
			isa = XCVersionGroup;
			children = (
				C8686A842A375561000C9CF3 /* ToDoList.xcdatamodel */,
			);
			currentVersion = C8686A842A375561000C9CF3 /* ToDoList.xcdatamodel */;
			path = ToDoList.xcdatamodeld;
			sourceTree = "<group>";
			versionGroupType = wrapper.xcdatamodel;
		};
/* End XCVersionGroup section */
	};
	rootObject = C8686A6F2A375561000C9CF3 /* Project object */;
}
